
Microsoft Visual Studio Solution File, Format Version 12.00
# Visual Studio Version 17
VisualStudioVersion = 17.9.34607.119
MinimumVisualStudioVersion = 10.0.40219.1
Project("{FAE04EC0-301F-11D3-BF4B-00C04F79EFBC}") = "FixIt", "FixIt\FixIt.csproj", "{B23654C4-55D1-4FC5-BD67-9DA5EDAFB872}"
EndProject
Global
	GlobalSection(SolutionConfigurationPlatforms) = preSolution
		Debug|Any CPU = Debug|Any CPU
		Release|Any CPU = Release|Any CPU
	EndGlobalSection
	GlobalSection(ProjectConfigurationPlatforms) = postSolution
		{B23654C4-55D1-4FC5-BD67-9DA5EDAFB872}.Debug|Any CPU.ActiveCfg = Debug|Any CPU
		{B23654C4-55D1-4FC5-BD67-9DA5EDAFB872}.Debug|Any CPU.Build.0 = Debug|Any CPU
		{B23654C4-55D1-4FC5-BD67-9DA5EDAFB872}.Release|Any CPU.ActiveCfg = Release|Any CPU
		{B23654C4-55D1-4FC5-BD67-9DA5EDAFB872}.Release|Any CPU.Build.0 = Release|Any CPU
	EndGlobalSection
	GlobalSection(SolutionProperties) = preSolution
		HideSolutionNode = FALSE
	EndGlobalSection
	GlobalSection(ExtensibilityGlobals) = postSolution
		SolutionGuid = {C5A42875-85D7-44AD-9874-0F592E548DF2}
	EndGlobalSection
EndGlobal
